
Microsoft Visual Studio Solution File, Format Version 11.00
# Visual Studio 2010
Project("{FAE04EC0-301F-11D3-BF4B-00C04F79EFBC}") = "Müsteri Takip Programı Çalışması", "Müsteri Takip Programı Çalışması\Müsteri Takip Programı Çalışması.csproj", "{4097A750-2626-46A0-AF2E-06F94D6EFC1D}"
EndProject
Global
	GlobalSection(SolutionConfigurationPlatforms) = preSolution
		Debug|x86 = Debug|x86
		Release|x86 = Release|x86
	EndGlobalSection
	GlobalSection(ProjectConfigurationPlatforms) = postSolution
		{4097A750-2626-46A0-AF2E-06F94D6EFC1D}.Debug|x86.ActiveCfg = Debug|x86
		{4097A750-2626-46A0-AF2E-06F94D6EFC1D}.Debug|x86.Build.0 = Debug|x86
		{4097A750-2626-46A0-AF2E-06F94D6EFC1D}.Release|x86.ActiveCfg = Release|x86
		{4097A750-2626-46A0-AF2E-06F94D6EFC1D}.Release|x86.Build.0 = Release|x86
	EndGlobalSection
	GlobalSection(SolutionProperties) = preSolution
		HideSolutionNode = FALSE
	EndGlobalSection
EndGlobal
